
Microsoft Visual Studio Solution File, Format Version 11.00
# Visual Studio 2010
Project("{8BC9CEB8-8B4A-11D0-8D11-00A0C91BC942}") = "bees_vs", "bees_vs\bees_vs.vcxproj", "{7DC93943-DB19-4CC4-B6BB-5D30389D7754}"
EndProject
Global
	GlobalSection(SolutionConfigurationPlatforms) = preSolution
		Debug|Win32 = Debug|Win32
		Release|Win32 = Release|Win32
	EndGlobalSection
	GlobalSection(ProjectConfigurationPlatforms) = postSolution
		{7DC93943-DB19-4CC4-B6BB-5D30389D7754}.Debug|Win32.ActiveCfg = Debug|Win32
		{7DC93943-DB19-4CC4-B6BB-5D30389D7754}.Debug|Win32.Build.0 = Debug|Win32
		{7DC93943-DB19-4CC4-B6BB-5D30389D7754}.Release|Win32.ActiveCfg = Release|Win32
		{7DC93943-DB19-4CC4-B6BB-5D30389D7754}.Release|Win32.Build.0 = Release|Win32
	EndGlobalSection
	GlobalSection(SolutionProperties) = preSolution
		HideSolutionNode = FALSE
	EndGlobalSection
EndGlobal
